{
  "name": "kvintiliy",
  "version": "1.0.0",
  "lockfileVersion": 1,
  "requires": true,
  "dependencies": {
    "abort-controller": {
      "version": "3.0.0",
      "resolved": "http://npm.yandex-team.ru/abort-controller/-/abort-controller-3.0.0.tgz?rbtorrent=27b0177fe31fb472d84f2938b04103d7d7415452",
      "integrity": "sha512-h8lQ8tacZYnR3vNQTgibj+tODHI5/+l06Au2Pcriv/Gmet0eaj4TwWH41sO9wnHDiQsEj19q0drzdWdeAHtweg==",
      "requires": {
        "event-target-shim": "^5.0.0"
      }
    },
    "buffer-alloc": {
      "version": "1.2.0",
      "resolved": "https://npm.yandex-team.ru/buffer-alloc/-/buffer-alloc-1.2.0.tgz?rbtorrent=ecd354aec0cfbf61d08bed0ea0542ed25d67cfc8",
      "integrity": "sha512-CFsHQgjtW1UChdXgbyJGtnm+O/uLQeZdtbDo8mfUgYXCHSM1wgrVxXm6bSyrUuErEb+4sYVGCzASBRot7zyrow==",
      "requires": {
        "buffer-alloc-unsafe": "^1.1.0",
        "buffer-fill": "^1.0.0"
      }
    },
    "buffer-alloc-unsafe": {
      "version": "1.1.0",
      "resolved": "https://npm.yandex-team.ru/buffer-alloc-unsafe/-/buffer-alloc-unsafe-1.1.0.tgz?rbtorrent=7c133cb17c8e23f24008b21be9d2d5db6a212d47",
      "integrity": "sha512-TEM2iMIEQdJ2yjPJoSIsldnleVaAk1oW3DBVUykyOLsEsFmEc9kn+SFFPz+gl54KQNxlDnAwCXosOS9Okx2xAg=="
    },
    "buffer-fill": {
      "version": "1.0.0",
      "resolved": "https://npm.yandex-team.ru/buffer-fill/-/buffer-fill-1.0.0.tgz?rbtorrent=99380387269422d19e01332cb121478edae1b143",
      "integrity": "sha1-+PeLdniYiO858gXNY39o5wISKyw="
    },
    "date-fns": {
      "version": "2.24.0",
      "resolved": "https://npm.yandex-team.ru/date-fns/-/date-fns-2.24.0.tgz?rbtorrent=60fad25e7e414fb15e2f2d29977ea4a90f9e8957",
      "integrity": "sha512-6ujwvwgPID6zbI0o7UbURi2vlLDR9uP26+tW6Lg+Ji3w7dd0i3DOcjcClLjLPranT60SSEFBwdSyYwn/ZkPIuw=="
    },
    "debug": {
      "version": "4.3.2",
      "resolved": "https://npm.yandex-team.ru/debug/-/debug-4.3.2.tgz?rbtorrent=3f842e574db131056405dff9ec813348375cb9ec",
      "integrity": "sha512-mOp8wKcvj7XxC78zLgw/ZA+6TSgkoE2C/ienthhRD298T7UNwAg9diBpLRxC0mOezLl4B0xV7M0cCO6P/O0Xhw==",
      "requires": {
        "ms": "2.1.2"
      }
    },
    "event-target-shim": {
      "version": "5.0.1",
      "resolved": "http://npm.yandex-team.ru/event-target-shim/-/event-target-shim-5.0.1.tgz?rbtorrent=873b7944f02b48b1493f4b4f2441dfcc0a8f640e",
      "integrity": "sha512-i/2XbnSz/uxRCU6+NdVJgKWDTM427+MqYbkQzD321DuCQJUqOuJKIA0IM2+W2xtYHdKOmZ4dR6fExsd4SXL+WQ=="
    },
    "minimist": {
      "version": "1.2.5",
      "resolved": "https://npm.yandex-team.ru/minimist/-/minimist-1.2.5.tgz?rbtorrent=d177ecf8bc0475c4b5713dde5520e90dc38ac8a3",
      "integrity": "sha512-FM9nNUYrRBAELZQT3xeZQ7fmMOBg6nWNmJKTcgsJeaLstP/UODVpGsr5OhXhhXg6f+qtJ8uiZ+PUxkDWcgIXLw=="
    },
    "module-alias": {
      "version": "2.2.2",
      "resolved": "https://npm.yandex-team.ru/module-alias/-/module-alias-2.2.2.tgz?rbtorrent=5dc20a0588eb748f2a8fd22e0a0fc27d92598596",
      "integrity": "sha512-A/78XjoX2EmNvppVWEhM2oGk3x4lLxnkEA4jTbaK97QKSDjkIoOsKQlfylt/d3kKKi596Qy3NP5XrXJ6fZIC9Q=="
    },
    "ms": {
      "version": "2.1.2",
      "resolved": "https://npm.yandex-team.ru/ms/-/ms-2.1.2.tgz?rbtorrent=269d2b1e4b633a2572e485adbd93b4085872ffe0",
      "integrity": "sha512-sGkPx+VjMtmA6MX27oA4FBFELFCZZ4S4XqeGOXCv68tT+jb3vk/RyaKWP0PTKyWtmLSM0b+adUTEvbs1PEaH2w=="
    },
    "node-fetch": {
      "version": "2.6.4",
      "resolved": "https://npm.yandex-team.ru/node-fetch/-/node-fetch-2.6.4.tgz?rbtorrent=d11adc87649f067278dca7c32128b67c1f6156c6",
      "integrity": "sha512-aD1fO+xtLiSCc9vuD+sYMxpIuQyhHscGSkBEo2o5LTV/3bTEAYvdUii29n8LlO5uLCmWdGP7uVUVXFo5SRdkLA==",
      "requires": {
        "whatwg-url": "^5.0.0"
      }
    },
    "p-timeout": {
      "version": "4.1.0",
      "resolved": "https://npm.yandex-team.ru/p-timeout/-/p-timeout-4.1.0.tgz?rbtorrent=cd69c9d1fa55783a1c7d1cc0b61201af12b77508",
      "integrity": "sha512-+/wmHtzJuWii1sXn3HCuH/FTwGhrp4tmJTxSKJbfS+vkipci6osxXM5mY0jUiRzWKMTgUT8l7HFbeSwZAynqHw=="
    },
    "safe-compare": {
      "version": "1.1.4",
      "resolved": "https://npm.yandex-team.ru/safe-compare/-/safe-compare-1.1.4.tgz?rbtorrent=5584fb4eb21261ebcf63975337ae5a3e54c9ba29",
      "integrity": "sha512-b9wZ986HHCo/HbKrRpBJb2kqXMK9CEWIE1egeEvZsYn69ay3kdfl9nG3RyOcR+jInTDf7a86WQ1d4VJX7goSSQ==",
      "requires": {
        "buffer-alloc": "^1.2.0"
      }
    },
    "sandwich-stream": {
      "version": "2.0.2",
      "resolved": "https://npm.yandex-team.ru/sandwich-stream/-/sandwich-stream-2.0.2.tgz?rbtorrent=7a10196c87381541b164b3a5fdd94ee79dd80767",
      "integrity": "sha512-jLYV0DORrzY3xaz/S9ydJL6Iz7essZeAfnAavsJ+zsJGZ1MOnsS52yRjU3uF3pJa/lla7+wisp//fxOwOH8SKQ=="
    },
    "telegraf": {
      "version": "4.4.2",
      "resolved": "https://npm.yandex-team.ru/telegraf/-/telegraf-4.4.2.tgz?rbtorrent=27969b12aba59bd71f528c23ab9ccf0811b5459b",
      "integrity": "sha512-OGt9w1LbxYUOsRk3htAavBnL9hqWycmJNiOmS74oARzxKFnYS/MdwW8b5CX9VLCJt537AXkm8/eBNiEYD8E7lQ==",
      "requires": {
        "abort-controller": "^3.0.0",
        "debug": "^4.3.1",
        "minimist": "^1.2.5",
        "module-alias": "^2.2.2",
        "node-fetch": "^2.6.1",
        "p-timeout": "^4.1.0",
        "safe-compare": "^1.1.4",
        "sandwich-stream": "^2.0.2",
        "typegram": "^3.4.2"
      }
    },
    "tr46": {
      "version": "0.0.3",
      "resolved": "https://npm.yandex-team.ru/tr46/-/tr46-0.0.3.tgz?rbtorrent=c73cc60044b6ee95167d913016ebeaf0bfb9b888",
      "integrity": "sha1-gYT9NH2snNwYWZLzpmIuFLnZq2o="
    },
    "typegram": {
      "version": "3.4.3",
      "resolved": "http://npm.yandex-team.ru/typegram/-/typegram-3.4.3.tgz?rbtorrent=21ee36de48777b973fd3bb05c2edf95a2c202b92",
      "integrity": "sha512-pH0TQJzCWM2+7y6yiBoQVNt7PO9ZvAu/lQukVx4sm68FIBBZEBWI+2MzuMcdbwrD5mD5NrEMAyml9N6DupUZag=="
    },
    "webidl-conversions": {
      "version": "3.0.1",
      "resolved": "https://npm.yandex-team.ru/webidl-conversions/-/webidl-conversions-3.0.1.tgz?rbtorrent=7573d472c2f9e39497e1b78c1a5659a5af833f8d",
      "integrity": "sha1-JFNCdeKnvGvnvIZhHMFq4KVlSHE="
    },
    "whatwg-url": {
      "version": "5.0.0",
      "resolved": "https://npm.yandex-team.ru/whatwg-url/-/whatwg-url-5.0.0.tgz?rbtorrent=9eec0f38e56ea4a007493fedf0e840f55bea314f",
      "integrity": "sha1-lmRU6HZUYuN2RNNib2dCzotwll0=",
      "requires": {
        "tr46": "~0.0.3",
        "webidl-conversions": "^3.0.0"
      }
    }
  }
}
